
Microsoft Visual Studio Solution File, Format Version 12.00
Project("{2150E333-8FDC-42A3-9474-1A3956D46DE8}") = "Services", "Services", "{2C0183F5-8C60-453A-AD65-BA3E95EBA3AC}"
EndProject
Project("{FAE04EC0-301F-11D3-BF4B-00C04F79EFBC}") = "PetStore.VeterinarioAPI", "PetStore.VeterinarioAPI\PetStore.VeterinarioAPI.csproj", "{7379F108-261A-4D74-8BE0-974B6284EAFE}"
EndProject
Project("{2150E333-8FDC-42A3-9474-1A3956D46DE8}") = "Integration", "Integration", "{1CB728C6-00CD-4592-A6AF-37DAF524D56E}"
EndProject
Global
	GlobalSection(SolutionConfigurationPlatforms) = preSolution
		Debug|Any CPU = Debug|Any CPU
		Release|Any CPU = Release|Any CPU
	EndGlobalSection
	GlobalSection(ProjectConfigurationPlatforms) = postSolution
		{7379F108-261A-4D74-8BE0-974B6284EAFE}.Debug|Any CPU.ActiveCfg = Debug|Any CPU
		{7379F108-261A-4D74-8BE0-974B6284EAFE}.Debug|Any CPU.Build.0 = Debug|Any CPU
		{7379F108-261A-4D74-8BE0-974B6284EAFE}.Release|Any CPU.ActiveCfg = Release|Any CPU
		{7379F108-261A-4D74-8BE0-974B6284EAFE}.Release|Any CPU.Build.0 = Release|Any CPU
	EndGlobalSection
	GlobalSection(NestedProjects) = preSolution
		{7379F108-261A-4D74-8BE0-974B6284EAFE} = {2C0183F5-8C60-453A-AD65-BA3E95EBA3AC}
	EndGlobalSection
EndGlobal
